
Microsoft Visual Studio Solution File, Format Version 12.00
# Visual Studio Version 17
VisualStudioVersion = 17.9.34607.119
MinimumVisualStudioVersion = 10.0.40219.1
Project("{FAE04EC0-301F-11D3-BF4B-00C04F79EFBC}") = "New ASM2", "New ASM2\New ASM2.csproj", "{F33B490F-13E5-44A0-8F79-A357EFA95601}"
EndProject
Global
	GlobalSection(SolutionConfigurationPlatforms) = preSolution
		Debug|Any CPU = Debug|Any CPU
		Release|Any CPU = Release|Any CPU
	EndGlobalSection
	GlobalSection(ProjectConfigurationPlatforms) = postSolution
		{F33B490F-13E5-44A0-8F79-A357EFA95601}.Debug|Any CPU.ActiveCfg = Debug|Any CPU
		{F33B490F-13E5-44A0-8F79-A357EFA95601}.Debug|Any CPU.Build.0 = Debug|Any CPU
		{F33B490F-13E5-44A0-8F79-A357EFA95601}.Release|Any CPU.ActiveCfg = Release|Any CPU
		{F33B490F-13E5-44A0-8F79-A357EFA95601}.Release|Any CPU.Build.0 = Release|Any CPU
	EndGlobalSection
	GlobalSection(SolutionProperties) = preSolution
		HideSolutionNode = FALSE
	EndGlobalSection
	GlobalSection(ExtensibilityGlobals) = postSolution
		SolutionGuid = {11067EBF-57A9-4D02-8004-419C72FC9EF9}
	EndGlobalSection
EndGlobal
